
Microsoft Visual Studio Solution File, Format Version 12.00
# Visual Studio 15
Project("{FAE04EC0-301F-11D3-BF4B-00C04F79EFBC}") = "Assembly-CSharp", "Assembly-CSharp.csproj", "{6691230E-731E-B099-B162-C93146BAA99D}"
EndProject
Project("{FAE04EC0-301F-11D3-BF4B-00C04F79EFBC}") = "Assembly-CSharp-Editor", "Assembly-CSharp-Editor.csproj", "{5C68360B-DC8C-3B4F-B7EF-40234F3E28DB}"
EndProject
Global
	GlobalSection(SolutionConfigurationPlatforms) = preSolution
		Debug|Any CPU = Debug|Any CPU
		Release|Any CPU = Release|Any CPU
	EndGlobalSection
	GlobalSection(ProjectConfigurationPlatforms) = postSolution
		{6691230E-731E-B099-B162-C93146BAA99D}.Debug|Any CPU.ActiveCfg = Debug|Any CPU
		{6691230E-731E-B099-B162-C93146BAA99D}.Debug|Any CPU.Build.0 = Debug|Any CPU
		{6691230E-731E-B099-B162-C93146BAA99D}.Release|Any CPU.ActiveCfg = Release|Any CPU
		{6691230E-731E-B099-B162-C93146BAA99D}.Release|Any CPU.Build.0 = Release|Any CPU
		{5C68360B-DC8C-3B4F-B7EF-40234F3E28DB}.Debug|Any CPU.ActiveCfg = Debug|Any CPU
		{5C68360B-DC8C-3B4F-B7EF-40234F3E28DB}.Debug|Any CPU.Build.0 = Debug|Any CPU
		{5C68360B-DC8C-3B4F-B7EF-40234F3E28DB}.Release|Any CPU.ActiveCfg = Release|Any CPU
		{5C68360B-DC8C-3B4F-B7EF-40234F3E28DB}.Release|Any CPU.Build.0 = Release|Any CPU
	EndGlobalSection
	GlobalSection(SolutionProperties) = preSolution
		HideSolutionNode = FALSE
	EndGlobalSection
EndGlobal
